
Microsoft Visual Studio Solution File, Format Version 12.00
# Visual Studio Version 17
VisualStudioVersion = 17.4.33122.133
MinimumVisualStudioVersion = 10.0.40219.1
Project("{9A19103F-16F7-4668-BE54-9A1E7A4F7556}") = "JwtAuthenticationManager", "JwtAuthenticationManager\JwtAuthenticationManager.csproj", "{E8AD6F66-C9A2-4212-9A7D-7B2AFC9C461E}"
EndProject
Project("{9A19103F-16F7-4668-BE54-9A1E7A4F7556}") = "AccountsWebApi", "AccountsWebApi\AccountsWebApi.csproj", "{8707970B-F8F6-47BA-B7D9-B2157A37B810}"
EndProject
Project("{9A19103F-16F7-4668-BE54-9A1E7A4F7556}") = "RedisCachingService", "RedisCachingService\RedisCachingService.csproj", "{826469FD-6950-4418-8E2D-F9D2CFFB91C1}"
EndProject
Project("{9A19103F-16F7-4668-BE54-9A1E7A4F7556}") = "InventoryWebApi", "InventoryWebApi\InventoryWebApi.csproj", "{E9504506-E306-485C-800C-D3562DBE3A4E}"
EndProject
Project("{9A19103F-16F7-4668-BE54-9A1E7A4F7556}") = "AssetWebApi", "AssetWebApi\AssetWebApi.csproj", "{92F25E39-42B6-4A88-B66B-A712568FDE7B}"
EndProject
Project("{9A19103F-16F7-4668-BE54-9A1E7A4F7556}") = "PreventiveMaintenanceWebApi", "PreventiveMaintenanceWebApi\PreventiveMaintenanceWebApi.csproj", "{D3CFAB80-BFC9-4618-9861-8FC9E8EC25FB}"
EndProject
Project("{FAE04EC0-301F-11D3-BF4B-00C04F79EFBC}") = "GoogleCalendarService", "GoogleCalendarService\GoogleCalendarService.csproj", "{4272B647-ABEB-444E-A4F1-47E4A3C26A43}"
EndProject
Global
	GlobalSection(SolutionConfigurationPlatforms) = preSolution
		Debug|Any CPU = Debug|Any CPU
		Release|Any CPU = Release|Any CPU
	EndGlobalSection
	GlobalSection(ProjectConfigurationPlatforms) = postSolution
		{E8AD6F66-C9A2-4212-9A7D-7B2AFC9C461E}.Debug|Any CPU.ActiveCfg = Debug|Any CPU
		{E8AD6F66-C9A2-4212-9A7D-7B2AFC9C461E}.Debug|Any CPU.Build.0 = Debug|Any CPU
		{E8AD6F66-C9A2-4212-9A7D-7B2AFC9C461E}.Release|Any CPU.ActiveCfg = Release|Any CPU
		{E8AD6F66-C9A2-4212-9A7D-7B2AFC9C461E}.Release|Any CPU.Build.0 = Release|Any CPU
		{8707970B-F8F6-47BA-B7D9-B2157A37B810}.Debug|Any CPU.ActiveCfg = Debug|Any CPU
		{8707970B-F8F6-47BA-B7D9-B2157A37B810}.Debug|Any CPU.Build.0 = Debug|Any CPU
		{8707970B-F8F6-47BA-B7D9-B2157A37B810}.Release|Any CPU.ActiveCfg = Release|Any CPU
		{8707970B-F8F6-47BA-B7D9-B2157A37B810}.Release|Any CPU.Build.0 = Release|Any CPU
		{826469FD-6950-4418-8E2D-F9D2CFFB91C1}.Debug|Any CPU.ActiveCfg = Debug|Any CPU
		{826469FD-6950-4418-8E2D-F9D2CFFB91C1}.Debug|Any CPU.Build.0 = Debug|Any CPU
		{826469FD-6950-4418-8E2D-F9D2CFFB91C1}.Release|Any CPU.ActiveCfg = Release|Any CPU
		{826469FD-6950-4418-8E2D-F9D2CFFB91C1}.Release|Any CPU.Build.0 = Release|Any CPU
		{E9504506-E306-485C-800C-D3562DBE3A4E}.Debug|Any CPU.ActiveCfg = Debug|Any CPU
		{E9504506-E306-485C-800C-D3562DBE3A4E}.Debug|Any CPU.Build.0 = Debug|Any CPU
		{E9504506-E306-485C-800C-D3562DBE3A4E}.Release|Any CPU.ActiveCfg = Release|Any CPU
		{E9504506-E306-485C-800C-D3562DBE3A4E}.Release|Any CPU.Build.0 = Release|Any CPU
		{92F25E39-42B6-4A88-B66B-A712568FDE7B}.Debug|Any CPU.ActiveCfg = Debug|Any CPU
		{92F25E39-42B6-4A88-B66B-A712568FDE7B}.Debug|Any CPU.Build.0 = Debug|Any CPU
		{92F25E39-42B6-4A88-B66B-A712568FDE7B}.Release|Any CPU.ActiveCfg = Release|Any CPU
		{92F25E39-42B6-4A88-B66B-A712568FDE7B}.Release|Any CPU.Build.0 = Release|Any CPU
		{D3CFAB80-BFC9-4618-9861-8FC9E8EC25FB}.Debug|Any CPU.ActiveCfg = Debug|Any CPU
		{D3CFAB80-BFC9-4618-9861-8FC9E8EC25FB}.Debug|Any CPU.Build.0 = Debug|Any CPU
		{D3CFAB80-BFC9-4618-9861-8FC9E8EC25FB}.Release|Any CPU.ActiveCfg = Release|Any CPU
		{D3CFAB80-BFC9-4618-9861-8FC9E8EC25FB}.Release|Any CPU.Build.0 = Release|Any CPU
		{4272B647-ABEB-444E-A4F1-47E4A3C26A43}.Debug|Any CPU.ActiveCfg = Debug|Any CPU
		{4272B647-ABEB-444E-A4F1-47E4A3C26A43}.Debug|Any CPU.Build.0 = Debug|Any CPU
		{4272B647-ABEB-444E-A4F1-47E4A3C26A43}.Release|Any CPU.ActiveCfg = Release|Any CPU
		{4272B647-ABEB-444E-A4F1-47E4A3C26A43}.Release|Any CPU.Build.0 = Release|Any CPU
	EndGlobalSection
	GlobalSection(SolutionProperties) = preSolution
		HideSolutionNode = FALSE
	EndGlobalSection
	GlobalSection(ExtensibilityGlobals) = postSolution
		SolutionGuid = {4E670CFD-A0EE-4B57-BBC6-323C4D63FE81}
	EndGlobalSection
EndGlobal
